
Microsoft Visual Studio Solution File, Format Version 12.00
# Visual Studio 2017
Project("{FAE04EC0-301F-11D3-BF4B-00C04F79EFBC}") = "lsd.Plugins", "lsd.Plugins.csproj", "{4D55824B-9928-68B0-D2E9-38261986BBD9}"
EndProject
Project("{FAE04EC0-301F-11D3-BF4B-00C04F79EFBC}") = "lsd", "lsd.csproj", "{FC304A49-D1AC-BEF7-8C49-CD44091BFE17}"
EndProject
Project("{FAE04EC0-301F-11D3-BF4B-00C04F79EFBC}") = "lsd.Editor.Plugins", "lsd.Editor.Plugins.csproj", "{8D5D3F95-625C-E4EA-4923-8D17926C1139}"
EndProject
Global
	GlobalSection(SolutionConfigurationPlatforms) = preSolution
		Debug|Any CPU = Debug|Any CPU
		Release|Any CPU = Release|Any CPU
	EndGlobalSection
	GlobalSection(ProjectConfigurationPlatforms) = postSolution
		{4D55824B-9928-68B0-D2E9-38261986BBD9}.Debug|Any CPU.ActiveCfg = Debug|Any CPU
		{4D55824B-9928-68B0-D2E9-38261986BBD9}.Debug|Any CPU.Build.0 = Debug|Any CPU
		{4D55824B-9928-68B0-D2E9-38261986BBD9}.Release|Any CPU.ActiveCfg = Release|Any CPU
		{4D55824B-9928-68B0-D2E9-38261986BBD9}.Release|Any CPU.Build.0 = Release|Any CPU
		{FC304A49-D1AC-BEF7-8C49-CD44091BFE17}.Debug|Any CPU.ActiveCfg = Debug|Any CPU
		{FC304A49-D1AC-BEF7-8C49-CD44091BFE17}.Debug|Any CPU.Build.0 = Debug|Any CPU
		{FC304A49-D1AC-BEF7-8C49-CD44091BFE17}.Release|Any CPU.ActiveCfg = Release|Any CPU
		{FC304A49-D1AC-BEF7-8C49-CD44091BFE17}.Release|Any CPU.Build.0 = Release|Any CPU
		{8D5D3F95-625C-E4EA-4923-8D17926C1139}.Debug|Any CPU.ActiveCfg = Debug|Any CPU
		{8D5D3F95-625C-E4EA-4923-8D17926C1139}.Debug|Any CPU.Build.0 = Debug|Any CPU
		{8D5D3F95-625C-E4EA-4923-8D17926C1139}.Release|Any CPU.ActiveCfg = Release|Any CPU
		{8D5D3F95-625C-E4EA-4923-8D17926C1139}.Release|Any CPU.Build.0 = Release|Any CPU
	EndGlobalSection
	GlobalSection(SolutionProperties) = preSolution
		HideSolutionNode = FALSE
	EndGlobalSection
EndGlobal
